// !$*UTF8*$!
{
	archiveVersion = 1;
	classes = {
	};
	objectVersion = 46;
	objects = {

/* Begin PBXBuildFile section */
		0A7CBD0F1A114665002D2FCE /* SignInController.swift in Sources */ = {isa = PBXBuildFile; fileRef = 0A7CBD0E1A114665002D2FCE /* SignInController.swift */; };
		0A7CBD111A123823002D2FCE /* DashboardController.swift in Sources */ = {isa = PBXBuildFile; fileRef = 0A7CBD101A123823002D2FCE /* DashboardController.swift */; };
		0A7CBD131A1239C7002D2FCE /* SideMenuController.swift in Sources */ = {isa = PBXBuildFile; fileRef = 0A7CBD121A1239C7002D2FCE /* SideMenuController.swift */; };
		0AA4EDA019F805890064B29A /* AppDelegate.swift in Sources */ = {isa = PBXBuildFile; fileRef = 0AA4ED9F19F805890064B29A /* AppDelegate.swift */; };
		0AA4EDA519F805890064B29A /* Main.storyboard in Resources */ = {isa = PBXBuildFile; fileRef = 0AA4EDA319F805890064B29A /* Main.storyboard */; };
		0AA4EDA719F805890064B29A /* Images.xcassets in Resources */ = {isa = PBXBuildFile; fileRef = 0AA4EDA619F805890064B29A /* Images.xcassets */; };
		0AA4EDB619F805890064B29A /* Bonzai_iOSTests.swift in Sources */ = {isa = PBXBuildFile; fileRef = 0AA4EDB519F805890064B29A /* Bonzai_iOSTests.swift */; };
/* End PBXBuildFile section */

/* Begin PBXContainerItemProxy section */
		0AA4EDB019F805890064B29A /* PBXContainerItemProxy */ = {
			isa = PBXContainerItemProxy;
			containerPortal = 0AA4ED9219F805890064B29A /* Project object */;
			proxyType = 1;
			remoteGlobalIDString = 0AA4ED9919F805890064B29A;
			remoteInfo = "Bonzai-iOS";
		};
/* End PBXContainerItemProxy section */

/* Begin PBXFileReference section */
		0A7CBD0E1A114665002D2FCE /* SignInController.swift */ = {isa = PBXFileReference; fileEncoding = 4; lastKnownFileType = sourcecode.swift; path = SignInController.swift; sourceTree = "<group>"; };
		0A7CBD101A123823002D2FCE /* DashboardController.swift */ = {isa = PBXFileReference; fileEncoding = 4; lastKnownFileType = sourcecode.swift; path = DashboardController.swift; sourceTree = "<group>"; };
		0A7CBD121A1239C7002D2FCE /* SideMenuController.swift */ = {isa = PBXFileReference; fileEncoding = 4; lastKnownFileType = sourcecode.swift; path = SideMenuController.swift; sourceTree = "<group>"; };
		0AA4ED9A19F805890064B29A /* Banzai-iOS.app */ = {isa = PBXFileReference; explicitFileType = wrapper.application; includeInIndex = 0; path = "Banzai-iOS.app"; sourceTree = BUILT_PRODUCTS_DIR; };
		0AA4ED9E19F805890064B29A /* Info.plist */ = {isa = PBXFileReference; lastKnownFileType = text.plist.xml; path = Info.plist; sourceTree = "<group>"; };
		0AA4ED9F19F805890064B29A /* AppDelegate.swift */ = {isa = PBXFileReference; lastKnownFileType = sourcecode.swift; path = AppDelegate.swift; sourceTree = "<group>"; };
		0AA4EDA419F805890064B29A /* Base */ = {isa = PBXFileReference; lastKnownFileType = file.storyboard; name = Base; path = Base.lproj/Main.storyboard; sourceTree = "<group>"; };
		0AA4EDA619F805890064B29A /* Images.xcassets */ = {isa = PBXFileReference; lastKnownFileType = folder.assetcatalog; path = Images.xcassets; sourceTree = "<group>"; };
		0AA4EDAF19F805890064B29A /* Banzai-iOSTests.xctest */ = {isa = PBXFileReference; explicitFileType = wrapper.cfbundle; includeInIndex = 0; path = "Banzai-iOSTests.xctest"; sourceTree = BUILT_PRODUCTS_DIR; };
		0AA4EDB419F805890064B29A /* Info.plist */ = {isa = PBXFileReference; lastKnownFileType = text.plist.xml; path = Info.plist; sourceTree = "<group>"; };
		0AA4EDB519F805890064B29A /* Bonzai_iOSTests.swift */ = {isa = PBXFileReference; lastKnownFileType = sourcecode.swift; path = Bonzai_iOSTests.swift; sourceTree = "<group>"; };
/* End PBXFileReference section */

/* Begin PBXFrameworksBuildPhase section */
		0AA4ED9719F805890064B29A /* Frameworks */ = {
			isa = PBXFrameworksBuildPhase;
			buildActionMask = 2147483647;
			files = (
			);
			runOnlyForDeploymentPostprocessing = 0;
		};
		0AA4EDAC19F805890064B29A /* Frameworks */ = {
			isa = PBXFrameworksBuildPhase;
			buildActionMask = 2147483647;
			files = (
			);
			runOnlyForDeploymentPostprocessing = 0;
		};
/* End PBXFrameworksBuildPhase section */

/* Begin PBXGroup section */
		0AA4ED9119F805890064B29A = {
			isa = PBXGroup;
			children = (
				0AA4ED9C19F805890064B29A /* Bonzai-iOS */,
				0AA4EDB219F805890064B29A /* Bonzai-iOSTests */,
				0AA4ED9B19F805890064B29A /* Products */,
			);
			sourceTree = "<group>";
		};
		0AA4ED9B19F805890064B29A /* Products */ = {
			isa = PBXGroup;
			children = (
				0AA4ED9A19F805890064B29A /* Banzai-iOS.app */,
				0AA4EDAF19F805890064B29A /* Banzai-iOSTests.xctest */,
			);
			name = Products;
			sourceTree = "<group>";
		};
		0AA4ED9C19F805890064B29A /* Bonzai-iOS */ = {
			isa = PBXGroup;
			children = (
				0AA4ED9F19F805890064B29A /* AppDelegate.swift */,
				0AA4EDA319F805890064B29A /* Main.storyboard */,
				0AA4EDA619F805890064B29A /* Images.xcassets */,
				0AA4ED9D19F805890064B29A /* Supporting Files */,
				0A7CBD0E1A114665002D2FCE /* SignInController.swift */,
				0A7CBD101A123823002D2FCE /* DashboardController.swift */,
				0A7CBD121A1239C7002D2FCE /* SideMenuController.swift */,
			);
			path = "Bonzai-iOS";
			sourceTree = "<group>";
		};
		0AA4ED9D19F805890064B29A /* Supporting Files */ = {
			isa = PBXGroup;
			children = (
				0AA4ED9E19F805890064B29A /* Info.plist */,
			);
			name = "Supporting Files";
			sourceTree = "<group>";
		};
		0AA4EDB219F805890064B29A /* Bonzai-iOSTests */ = {
			isa = PBXGroup;
			children = (
				0AA4EDB519F805890064B29A /* Bonzai_iOSTests.swift */,
				0AA4EDB319F805890064B29A /* Supporting Files */,
			);
			path = "Bonzai-iOSTests";
			sourceTree = "<group>";
		};
		0AA4EDB319F805890064B29A /* Supporting Files */ = {
			isa = PBXGroup;
			children = (
				0AA4EDB419F805890064B29A /* Info.plist */,
			);
			name = "Supporting Files";
			sourceTree = "<group>";
		};
/* End PBXGroup section */

/* Begin PBXNativeTarget section */
		0AA4ED9919F805890064B29A /* Banzai-iOS */ = {
			isa = PBXNativeTarget;
			buildConfigurationList = 0AA4EDB919F805890064B29A /* Build configuration list for PBXNativeTarget "Banzai-iOS" */;
			buildPhases = (
				0AA4ED9619F805890064B29A /* Sources */,
				0AA4ED9719F805890064B29A /* Frameworks */,
				0AA4ED9819F805890064B29A /* Resources */,
			);
			buildRules = (
			);
			dependencies = (
			);
			name = "Banzai-iOS";
			productName = "Bonzai-iOS";
			productReference = 0AA4ED9A19F805890064B29A /* Banzai-iOS.app */;
			productType = "com.apple.product-type.application";
		};
		0AA4EDAE19F805890064B29A /* Banzai-iOSTests */ = {
			isa = PBXNativeTarget;
			buildConfigurationList = 0AA4EDBC19F805890064B29A /* Build configuration list for PBXNativeTarget "Banzai-iOSTests" */;
			buildPhases = (
				0AA4EDAB19F805890064B29A /* Sources */,
				0AA4EDAC19F805890064B29A /* Frameworks */,
				0AA4EDAD19F805890064B29A /* Resources */,
			);
			buildRules = (
			);
			dependencies = (
				0AA4EDB119F805890064B29A /* PBXTargetDependency */,
			);
			name = "Banzai-iOSTests";
			productName = "Bonzai-iOSTests";
			productReference = 0AA4EDAF19F805890064B29A /* Banzai-iOSTests.xctest */;
			productType = "com.apple.product-type.bundle.unit-test";
		};
/* End PBXNativeTarget section */

/* Begin PBXProject section */
		0AA4ED9219F805890064B29A /* Project object */ = {
			isa = PBXProject;
			attributes = {
				LastUpgradeCheck = 0600;
				ORGANIZATIONNAME = "Rose-Hulman CSSE Department";
				TargetAttributes = {
					0AA4ED9919F805890064B29A = {
						CreatedOnToolsVersion = 6.0.1;
					};
					0AA4EDAE19F805890064B29A = {
						CreatedOnToolsVersion = 6.0.1;
						TestTargetID = 0AA4ED9919F805890064B29A;
					};
				};
			};
			buildConfigurationList = 0AA4ED9519F805890064B29A /* Build configuration list for PBXProject "Banzai-iOS" */;
			compatibilityVersion = "Xcode 3.2";
			developmentRegion = English;
			hasScannedForEncodings = 0;
			knownRegions = (
				en,
				Base,
			);
			mainGroup = 0AA4ED9119F805890064B29A;
			productRefGroup = 0AA4ED9B19F805890064B29A /* Products */;
			projectDirPath = "";
			projectRoot = "";
			targets = (
				0AA4ED9919F805890064B29A /* Banzai-iOS */,
				0AA4EDAE19F805890064B29A /* Banzai-iOSTests */,
			);
		};
/* End PBXProject section */

/* Begin PBXResourcesBuildPhase section */
		0AA4ED9819F805890064B29A /* Resources */ = {
			isa = PBXResourcesBuildPhase;
			buildActionMask = 2147483647;
			files = (
				0AA4EDA519F805890064B29A /* Main.storyboard in Resources */,
				0AA4EDA719F805890064B29A /* Images.xcassets in Resources */,
			);
			runOnlyForDeploymentPostprocessing = 0;
		};
		0AA4EDAD19F805890064B29A /* Resources */ = {
			isa = PBXResourcesBuildPhase;
			buildActionMask = 2147483647;
			files = (
			);
			runOnlyForDeploymentPostprocessing = 0;
		};
/* End PBXResourcesBuildPhase section */

/* Begin PBXSourcesBuildPhase section */
		0AA4ED9619F805890064B29A /* Sources */ = {
			isa = PBXSourcesBuildPhase;
			buildActionMask = 2147483647;
			files = (
				0AA4EDA019F805890064B29A /* AppDelegate.swift in Sources */,
				0A7CBD131A1239C7002D2FCE /* SideMenuController.swift in Sources */,
				0A7CBD111A123823002D2FCE /* DashboardController.swift in Sources */,
				0A7CBD0F1A114665002D2FCE /* SignInController.swift in Sources */,
			);
			runOnlyForDeploymentPostprocessing = 0;
		};
		0AA4EDAB19F805890064B29A /* Sources */ = {
			isa = PBXSourcesBuildPhase;
			buildActionMask = 2147483647;
			files = (
				0AA4EDB619F805890064B29A /* Bonzai_iOSTests.swift in Sources */,
			);
			runOnlyForDeploymentPostprocessing = 0;
		};
/* End PBXSourcesBuildPhase section */

/* Begin PBXTargetDependency section */
		0AA4EDB119F805890064B29A /* PBXTargetDependency */ = {
			isa = PBXTargetDependency;
			target = 0AA4ED9919F805890064B29A /* Banzai-iOS */;
			targetProxy = 0AA4EDB019F805890064B29A /* PBXContainerItemProxy */;
		};
/* End PBXTargetDependency section */

/* Begin PBXVariantGroup section */
		0AA4EDA319F805890064B29A /* Main.storyboard */ = {
			isa = PBXVariantGroup;
			children = (
				0AA4EDA419F805890064B29A /* Base */,
			);
			name = Main.storyboard;
			sourceTree = "<group>";
		};
/* End PBXVariantGroup section */

/* Begin XCBuildConfiguration section */
		0AA4EDB719F805890064B29A /* Debug */ = {
			isa = XCBuildConfiguration;
			buildSettings = {
				ALWAYS_SEARCH_USER_PATHS = NO;
				CLANG_CXX_LANGUAGE_STANDARD = "gnu++0x";
				CLANG_CXX_LIBRARY = "libc++";
				CLANG_ENABLE_MODULES = YES;
				CLANG_ENABLE_OBJC_ARC = YES;
				CLANG_WARN_BOOL_CONVERSION = YES;
				CLANG_WARN_CONSTANT_CONVERSION = YES;
				CLANG_WARN_DIRECT_OBJC_ISA_USAGE = YES_ERROR;
				CLANG_WARN_EMPTY_BODY = YES;
				CLANG_WARN_ENUM_CONVERSION = YES;
				CLANG_WARN_INT_CONVERSION = YES;
				CLANG_WARN_OBJC_ROOT_CLASS = YES_ERROR;
				CLANG_WARN_UNREACHABLE_CODE = YES;
				CLANG_WARN__DUPLICATE_METHOD_MATCH = YES;
				"CODE_SIGN_IDENTITY[sdk=iphoneos*]" = "iPhone Developer";
				COPY_PHASE_STRIP = NO;
				ENABLE_STRICT_OBJC_MSGSEND = YES;
				GCC_C_LANGUAGE_STANDARD = gnu99;
				GCC_DYNAMIC_NO_PIC = NO;
				GCC_OPTIMIZATION_LEVEL = 0;
				GCC_PREPROCESSOR_DEFINITIONS = (
					"DEBUG=1",
					"$(inherited)",
				);
				GCC_SYMBOLS_PRIVATE_EXTERN = NO;
				GCC_WARN_64_TO_32_BIT_CONVERSION = YES;
				GCC_WARN_ABOUT_RETURN_TYPE = YES_ERROR;
				GCC_WARN_UNDECLARED_SELECTOR = YES;
				GCC_WARN_UNINITIALIZED_AUTOS = YES_AGGRESSIVE;
				GCC_WARN_UNUSED_FUNCTION = YES;
				GCC_WARN_UNUSED_VARIABLE = YES;
				IPHONEOS_DEPLOYMENT_TARGET = 8.0;
				MTL_ENABLE_DEBUG_INFO = YES;
				ONLY_ACTIVE_ARCH = YES;
				SDKROOT = iphoneos;
				SWIFT_OPTIMIZATION_LEVEL = "-Onone";
				TARGETED_DEVICE_FAMILY = "1,2";
			};
			name = Debug;
		};
		0AA4EDB819F805890064B29A /* Release */ = {
			isa = XCBuildConfiguration;
			buildSettings = {
				ALWAYS_SEARCH_USER_PATHS = NO;
				CLANG_CXX_LANGUAGE_STANDARD = "gnu++0x";
				CLANG_CXX_LIBRARY = "libc++";
				CLANG_ENABLE_MODULES = YES;
				CLANG_ENABLE_OBJC_ARC = YES;
				CLANG_WARN_BOOL_CONVERSION = YES;
				CLANG_WARN_CONSTANT_CONVERSION = YES;
				CLANG_WARN_DIRECT_OBJC_ISA_USAGE = YES_ERROR;
				CLANG_WARN_EMPTY_BODY = YES;
				CLANG_WARN_ENUM_CONVERSION = YES;
				CLANG_WARN_INT_CONVERSION = YES;
				CLANG_WARN_OBJC_ROOT_CLASS = YES_ERROR;
				CLANG_WARN_UNREACHABLE_CODE = YES;
				CLANG_WARN__DUPLICATE_METHOD_MATCH = YES;
				"CODE_SIGN_IDENTITY[sdk=iphoneos*]" = "iPhone Developer";
				COPY_PHASE_STRIP = YES;
				ENABLE_NS_ASSERTIONS = NO;
				ENABLE_STRICT_OBJC_MSGSEND = YES;
				GCC_C_LANGUAGE_STANDARD = gnu99;
				GCC_WARN_64_TO_32_BIT_CONVERSION = YES;
				GCC_WARN_ABOUT_RETURN_TYPE = YES_ERROR;
				GCC_WARN_UNDECLARED_SELECTOR = YES;
				GCC_WARN_UNINITIALIZED_AUTOS = YES_AGGRESSIVE;
				GCC_WARN_UNUSED_FUNCTION = YES;
				GCC_WARN_UNUSED_VARIABLE = YES;
				IPHONEOS_DEPLOYMENT_TARGET = 8.0;
				MTL_ENABLE_DEBUG_INFO = NO;
				SDKROOT = iphoneos;
				TARGETED_DEVICE_FAMILY = "1,2";
				VALIDATE_PRODUCT = YES;
			};
			name = Release;
		};
		0AA4EDBA19F805890064B29A /* Debug */ = {
			isa = XCBuildConfiguration;
			buildSettings = {
				ASSETCATALOG_COMPILER_APPICON_NAME = AppIcon;
				INFOPLIST_FILE = "Bonzai-iOS/Info.plist";
				LD_RUNPATH_SEARCH_PATHS = "$(inherited) @executable_path/Frameworks";
				PRODUCT_NAME = "Banzai-iOS";
				TARGETED_DEVICE_FAMILY = "1,2";
			};
			name = Debug;
		};
		0AA4EDBB19F805890064B29A /* Release */ = {
			isa = XCBuildConfiguration;
			buildSettings = {
				ASSETCATALOG_COMPILER_APPICON_NAME = AppIcon;
				INFOPLIST_FILE = "Bonzai-iOS/Info.plist";
				LD_RUNPATH_SEARCH_PATHS = "$(inherited) @executable_path/Frameworks";
				PRODUCT_NAME = "Banzai-iOS";
				TARGETED_DEVICE_FAMILY = "1,2";
			};
			name = Release;
		};
		0AA4EDBD19F805890064B29A /* Debug */ = {
			isa = XCBuildConfiguration;
			buildSettings = {
				BUNDLE_LOADER = "$(TEST_HOST)";
				FRAMEWORK_SEARCH_PATHS = (
					"$(SDKROOT)/Developer/Library/Frameworks",
					"$(inherited)",
				);
				GCC_PREPROCESSOR_DEFINITIONS = (
					"DEBUG=1",
					"$(inherited)",
				);
				INFOPLIST_FILE = "Bonzai-iOSTests/Info.plist";
				LD_RUNPATH_SEARCH_PATHS = "$(inherited) @executable_path/Frameworks @loader_path/Frameworks";
				PRODUCT_NAME = "Banzai-iOSTests";
				TEST_HOST = "$(BUILT_PRODUCTS_DIR)/Bonzai-iOS.app/Bonzai-iOS";
			};
			name = Debug;
		};
		0AA4EDBE19F805890064B29A /* Release */ = {
			isa = XCBuildConfiguration;
			buildSettings = {
				BUNDLE_LOADER = "$(TEST_HOST)";
				FRAMEWORK_SEARCH_PATHS = (
					"$(SDKROOT)/Developer/Library/Frameworks",
					"$(inherited)",
				);
				INFOPLIST_FILE = "Bonzai-iOSTests/Info.plist";
				LD_RUNPATH_SEARCH_PATHS = "$(inherited) @executable_path/Frameworks @loader_path/Frameworks";
				PRODUCT_NAME = "Banzai-iOSTests";
				TEST_HOST = "$(BUILT_PRODUCTS_DIR)/Bonzai-iOS.app/Bonzai-iOS";
			};
			name = Release;
		};
/* End XCBuildConfiguration section */

/* Begin XCConfigurationList section */
		0AA4ED9519F805890064B29A /* Build configuration list for PBXProject "Banzai-iOS" */ = {
			isa = XCConfigurationList;
			buildConfigurations = (
				0AA4EDB719F805890064B29A /* Debug */,
				0AA4EDB819F805890064B29A /* Release */,
			);
			defaultConfigurationIsVisible = 0;
			defaultConfigurationName = Release;
		};
		0AA4EDB919F805890064B29A /* Build configuration list for PBXNativeTarget "Banzai-iOS" */ = {
			isa = XCConfigurationList;
			buildConfigurations = (
				0AA4EDBA19F805890064B29A /* Debug */,
				0AA4EDBB19F805890064B29A /* Release */,
			);
			defaultConfigurationIsVisible = 0;
			defaultConfigurationName = Release;
		};
		0AA4EDBC19F805890064B29A /* Build configuration list for PBXNativeTarget "Banzai-iOSTests" */ = {
			isa = XCConfigurationList;
			buildConfigurations = (
				0AA4EDBD19F805890064B29A /* Debug */,
				0AA4EDBE19F805890064B29A /* Release */,
			);
			defaultConfigurationIsVisible = 0;
			defaultConfigurationName = Release;
		};
/* End XCConfigurationList section */
	};
	rootObject = 0AA4ED9219F805890064B29A /* Project object */;
}
