// !$*UTF8*$!
{
	archiveVersion = 1;
	classes = {
	};
	objectVersion = 46;
	objects = {

/* Begin PBXBuildFile section */
		0A1B39ED1A8B80ED00CBE1E3 /* CPTMutablePlotRange+SwiftCompat.m in Sources */ = {isa = PBXBuildFile; fileRef = 0A1B39EC1A8B80ED00CBE1E3 /* CPTMutablePlotRange+SwiftCompat.m */; };
		0A1B3A091A8BAFCB00CBE1E3 /* PNLineChart.m in Sources */ = {isa = PBXBuildFile; fileRef = 0A1B39FA1A8BAFCB00CBE1E3 /* PNLineChart.m */; };
		0A1B3A0A1A8BAFCB00CBE1E3 /* PNLineChartData.m in Sources */ = {isa = PBXBuildFile; fileRef = 0A1B39FC1A8BAFCB00CBE1E3 /* PNLineChartData.m */; };
		0A1B3A0B1A8BAFCB00CBE1E3 /* PNLineChartDataItem.m in Sources */ = {isa = PBXBuildFile; fileRef = 0A1B39FE1A8BAFCB00CBE1E3 /* PNLineChartDataItem.m */; };
		0A69DB301A8BB494002245C4 /* UICountingLabel.m in Sources */ = {isa = PBXBuildFile; fileRef = 0A69DB2F1A8BB494002245C4 /* UICountingLabel.m */; };
		0A69DB341A8BB6F0002245C4 /* PNChartLabel.m in Sources */ = {isa = PBXBuildFile; fileRef = 0A69DB331A8BB6F0002245C4 /* PNChartLabel.m */; };
		0A7D111F1A4190C800580977 /* MainNavigationController.swift in Sources */ = {isa = PBXBuildFile; fileRef = 0A7D111E1A4190C800580977 /* MainNavigationController.swift */; };
		0A7D11541A41914B00580977 /* ENSideMenu.swift in Sources */ = {isa = PBXBuildFile; fileRef = 0A7D11521A41914B00580977 /* ENSideMenu.swift */; };
		0A7D11551A41914B00580977 /* ENSideMenuNavigationController.swift in Sources */ = {isa = PBXBuildFile; fileRef = 0A7D11531A41914B00580977 /* ENSideMenuNavigationController.swift */; };
		0A7D11571A41919700580977 /* SideMenuTableViewController.swift in Sources */ = {isa = PBXBuildFile; fileRef = 0A7D11561A41919700580977 /* SideMenuTableViewController.swift */; };
		0A7D11591A41965300580977 /* ServerDetailsViewController.swift in Sources */ = {isa = PBXBuildFile; fileRef = 0A7D11581A41965300580977 /* ServerDetailsViewController.swift */; };
		0A7D115B1A41965E00580977 /* SystemErrorsViewController.swift in Sources */ = {isa = PBXBuildFile; fileRef = 0A7D115A1A41965E00580977 /* SystemErrorsViewController.swift */; };
		0A7D115D1A41966600580977 /* SettingsViewController.swift in Sources */ = {isa = PBXBuildFile; fileRef = 0A7D115C1A41966600580977 /* SettingsViewController.swift */; };
		0A8661951A5D0C45009687FA /* OSUsageViewController.swift in Sources */ = {isa = PBXBuildFile; fileRef = 0A8661941A5D0C45009687FA /* OSUsageViewController.swift */; };
		0A8661971A5D0DE3009687FA /* BrowserUsageViewController.swift in Sources */ = {isa = PBXBuildFile; fileRef = 0A8661961A5D0DE3009687FA /* BrowserUsageViewController.swift */; };
		0AA60D351A70177500DB6268 /* libCorePlot-CocoaTouch.a in Frameworks */ = {isa = PBXBuildFile; fileRef = 0AA60D341A70177500DB6268 /* libCorePlot-CocoaTouch.a */; };
		0AA60D371A70182A00DB6268 /* QuartzCore.framework in Frameworks */ = {isa = PBXBuildFile; fileRef = 0AA60D361A70182A00DB6268 /* QuartzCore.framework */; };
		3D1CCFDE1A63A8970026BA86 /* RangeSlider.swift in Sources */ = {isa = PBXBuildFile; fileRef = 3D1CCFDB1A63A8970026BA86 /* RangeSlider.swift */; };
		3D1CCFDF1A63A8970026BA86 /* RangeSliderThumbLayer.swift in Sources */ = {isa = PBXBuildFile; fileRef = 3D1CCFDC1A63A8970026BA86 /* RangeSliderThumbLayer.swift */; };
		3D1CCFE01A63A8970026BA86 /* RangeSliderTrackLayer.swift in Sources */ = {isa = PBXBuildFile; fileRef = 3D1CCFDD1A63A8970026BA86 /* RangeSliderTrackLayer.swift */; };
		3D30D29C1A2E8B000046F694 /* AppDelegate.swift in Sources */ = {isa = PBXBuildFile; fileRef = 3D30D29B1A2E8B000046F694 /* AppDelegate.swift */; };
		3D30D29E1A2E8B000046F694 /* LoginViewController.swift in Sources */ = {isa = PBXBuildFile; fileRef = 3D30D29D1A2E8B000046F694 /* LoginViewController.swift */; };
		3D30D2A11A2E8B000046F694 /* Main.storyboard in Resources */ = {isa = PBXBuildFile; fileRef = 3D30D29F1A2E8B000046F694 /* Main.storyboard */; };
		3D30D2A31A2E8B000046F694 /* Images.xcassets in Resources */ = {isa = PBXBuildFile; fileRef = 3D30D2A21A2E8B000046F694 /* Images.xcassets */; };
		3D30D2B21A2E8B000046F694 /* BanzaiTests.swift in Sources */ = {isa = PBXBuildFile; fileRef = 3D30D2B11A2E8B000046F694 /* BanzaiTests.swift */; };
		3D30D2C01A2EB67F0046F694 /* DashboardViewController.swift in Sources */ = {isa = PBXBuildFile; fileRef = 3D30D2BF1A2EB67F0046F694 /* DashboardViewController.swift */; };
		3D30D2D71A2FA8D90046F694 /* BanzaiLaunch.xib in Resources */ = {isa = PBXBuildFile; fileRef = 3D30D2D61A2FA8D90046F694 /* BanzaiLaunch.xib */; };
		3D48E7B91A6F9D5F00A796A2 /* DashboardTableCell.swift in Sources */ = {isa = PBXBuildFile; fileRef = 3D48E7B81A6F9D5F00A796A2 /* DashboardTableCell.swift */; };
		3DAAA3CA1A6F4408009BDE46 /* PNCircleChart.m in Sources */ = {isa = PBXBuildFile; fileRef = 3DAAA3C91A6F4408009BDE46 /* PNCircleChart.m */; };
		3DAAA3CD1A6F4441009BDE46 /* PNColor.m in Sources */ = {isa = PBXBuildFile; fileRef = 3DAAA3CC1A6F4441009BDE46 /* PNColor.m */; };
/* End PBXBuildFile section */

/* Begin PBXContainerItemProxy section */
		3D30D2AC1A2E8B000046F694 /* PBXContainerItemProxy */ = {
			isa = PBXContainerItemProxy;
			containerPortal = 3D30D28E1A2E8B000046F694 /* Project object */;
			proxyType = 1;
			remoteGlobalIDString = 3D30D2951A2E8B000046F694;
			remoteInfo = Banzai;
		};
/* End PBXContainerItemProxy section */

/* Begin PBXFileReference section */
		0A1B39EB1A8B80ED00CBE1E3 /* CPTMutablePlotRange+SwiftCompat.h */ = {isa = PBXFileReference; fileEncoding = 4; lastKnownFileType = sourcecode.c.h; path = "CPTMutablePlotRange+SwiftCompat.h"; sourceTree = "<group>"; };
		0A1B39EC1A8B80ED00CBE1E3 /* CPTMutablePlotRange+SwiftCompat.m */ = {isa = PBXFileReference; fileEncoding = 4; lastKnownFileType = sourcecode.c.objc; path = "CPTMutablePlotRange+SwiftCompat.m"; sourceTree = "<group>"; };
		0A1B39F91A8BAFCB00CBE1E3 /* PNLineChart.h */ = {isa = PBXFileReference; fileEncoding = 4; lastKnownFileType = sourcecode.c.h; path = PNLineChart.h; sourceTree = "<group>"; };
		0A1B39FA1A8BAFCB00CBE1E3 /* PNLineChart.m */ = {isa = PBXFileReference; fileEncoding = 4; lastKnownFileType = sourcecode.c.objc; path = PNLineChart.m; sourceTree = "<group>"; };
		0A1B39FB1A8BAFCB00CBE1E3 /* PNLineChartData.h */ = {isa = PBXFileReference; fileEncoding = 4; lastKnownFileType = sourcecode.c.h; path = PNLineChartData.h; sourceTree = "<group>"; };
		0A1B39FC1A8BAFCB00CBE1E3 /* PNLineChartData.m */ = {isa = PBXFileReference; fileEncoding = 4; lastKnownFileType = sourcecode.c.objc; path = PNLineChartData.m; sourceTree = "<group>"; };
		0A1B39FD1A8BAFCB00CBE1E3 /* PNLineChartDataItem.h */ = {isa = PBXFileReference; fileEncoding = 4; lastKnownFileType = sourcecode.c.h; path = PNLineChartDataItem.h; sourceTree = "<group>"; };
		0A1B39FE1A8BAFCB00CBE1E3 /* PNLineChartDataItem.m */ = {isa = PBXFileReference; fileEncoding = 4; lastKnownFileType = sourcecode.c.objc; path = PNLineChartDataItem.m; sourceTree = "<group>"; };
		0A69DB2E1A8BB494002245C4 /* UICountingLabel.h */ = {isa = PBXFileReference; fileEncoding = 4; lastKnownFileType = sourcecode.c.h; path = UICountingLabel.h; sourceTree = "<group>"; };
		0A69DB2F1A8BB494002245C4 /* UICountingLabel.m */ = {isa = PBXFileReference; fileEncoding = 4; lastKnownFileType = sourcecode.c.objc; path = UICountingLabel.m; sourceTree = "<group>"; };
		0A69DB311A8BB5AA002245C4 /* PNChartDelegate.h */ = {isa = PBXFileReference; lastKnownFileType = sourcecode.c.h; path = PNChartDelegate.h; sourceTree = "<group>"; };
		0A69DB321A8BB6F0002245C4 /* PNChartLabel.h */ = {isa = PBXFileReference; fileEncoding = 4; lastKnownFileType = sourcecode.c.h; path = PNChartLabel.h; sourceTree = "<group>"; };
		0A69DB331A8BB6F0002245C4 /* PNChartLabel.m */ = {isa = PBXFileReference; fileEncoding = 4; lastKnownFileType = sourcecode.c.objc; path = PNChartLabel.m; sourceTree = "<group>"; };
		0A7D111E1A4190C800580977 /* MainNavigationController.swift */ = {isa = PBXFileReference; fileEncoding = 4; lastKnownFileType = sourcecode.swift; path = MainNavigationController.swift; sourceTree = "<group>"; };
		0A7D11521A41914B00580977 /* ENSideMenu.swift */ = {isa = PBXFileReference; fileEncoding = 4; lastKnownFileType = sourcecode.swift; path = ENSideMenu.swift; sourceTree = "<group>"; };
		0A7D11531A41914B00580977 /* ENSideMenuNavigationController.swift */ = {isa = PBXFileReference; fileEncoding = 4; lastKnownFileType = sourcecode.swift; path = ENSideMenuNavigationController.swift; sourceTree = "<group>"; };
		0A7D11561A41919700580977 /* SideMenuTableViewController.swift */ = {isa = PBXFileReference; fileEncoding = 4; lastKnownFileType = sourcecode.swift; path = SideMenuTableViewController.swift; sourceTree = "<group>"; };
		0A7D11581A41965300580977 /* ServerDetailsViewController.swift */ = {isa = PBXFileReference; fileEncoding = 4; lastKnownFileType = sourcecode.swift; path = ServerDetailsViewController.swift; sourceTree = "<group>"; };
		0A7D115A1A41965E00580977 /* SystemErrorsViewController.swift */ = {isa = PBXFileReference; fileEncoding = 4; lastKnownFileType = sourcecode.swift; path = SystemErrorsViewController.swift; sourceTree = "<group>"; };
		0A7D115C1A41966600580977 /* SettingsViewController.swift */ = {isa = PBXFileReference; fileEncoding = 4; lastKnownFileType = sourcecode.swift; path = SettingsViewController.swift; sourceTree = "<group>"; tabWidth = 4; };
		0A8661941A5D0C45009687FA /* OSUsageViewController.swift */ = {isa = PBXFileReference; fileEncoding = 4; lastKnownFileType = sourcecode.swift; path = OSUsageViewController.swift; sourceTree = "<group>"; };
		0A8661961A5D0DE3009687FA /* BrowserUsageViewController.swift */ = {isa = PBXFileReference; fileEncoding = 4; lastKnownFileType = sourcecode.swift; path = BrowserUsageViewController.swift; sourceTree = "<group>"; };
		0AA60CE61A70177400DB6268 /* CorePlot-CocoaTouch.h */ = {isa = PBXFileReference; fileEncoding = 4; lastKnownFileType = sourcecode.c.h; path = "CorePlot-CocoaTouch.h"; sourceTree = "<group>"; };
		0AA60CE71A70177400DB6268 /* CPTAnimation.h */ = {isa = PBXFileReference; fileEncoding = 4; lastKnownFileType = sourcecode.c.h; path = CPTAnimation.h; sourceTree = "<group>"; };
		0AA60CE81A70177400DB6268 /* CPTAnimationOperation.h */ = {isa = PBXFileReference; fileEncoding = 4; lastKnownFileType = sourcecode.c.h; path = CPTAnimationOperation.h; sourceTree = "<group>"; };
		0AA60CE91A70177400DB6268 /* CPTAnimationPeriod.h */ = {isa = PBXFileReference; fileEncoding = 4; lastKnownFileType = sourcecode.c.h; path = CPTAnimationPeriod.h; sourceTree = "<group>"; };
		0AA60CEA1A70177400DB6268 /* CPTAnnotation.h */ = {isa = PBXFileReference; fileEncoding = 4; lastKnownFileType = sourcecode.c.h; path = CPTAnnotation.h; sourceTree = "<group>"; };
		0AA60CEB1A70177400DB6268 /* CPTAnnotationHostLayer.h */ = {isa = PBXFileReference; fileEncoding = 4; lastKnownFileType = sourcecode.c.h; path = CPTAnnotationHostLayer.h; sourceTree = "<group>"; };
		0AA60CEC1A70177400DB6268 /* CPTAxis.h */ = {isa = PBXFileReference; fileEncoding = 4; lastKnownFileType = sourcecode.c.h; path = CPTAxis.h; sourceTree = "<group>"; };
		0AA60CED1A70177400DB6268 /* CPTAxisLabel.h */ = {isa = PBXFileReference; fileEncoding = 4; lastKnownFileType = sourcecode.c.h; path = CPTAxisLabel.h; sourceTree = "<group>"; };
		0AA60CEE1A70177400DB6268 /* CPTAxisLabelGroup.h */ = {isa = PBXFileReference; fileEncoding = 4; lastKnownFileType = sourcecode.c.h; path = CPTAxisLabelGroup.h; sourceTree = "<group>"; };
		0AA60CEF1A70177400DB6268 /* CPTAxisSet.h */ = {isa = PBXFileReference; fileEncoding = 4; lastKnownFileType = sourcecode.c.h; path = CPTAxisSet.h; sourceTree = "<group>"; };
		0AA60CF01A70177400DB6268 /* CPTAxisTitle.h */ = {isa = PBXFileReference; fileEncoding = 4; lastKnownFileType = sourcecode.c.h; path = CPTAxisTitle.h; sourceTree = "<group>"; };
		0AA60CF11A70177400DB6268 /* CPTBarPlot.h */ = {isa = PBXFileReference; fileEncoding = 4; lastKnownFileType = sourcecode.c.h; path = CPTBarPlot.h; sourceTree = "<group>"; };
		0AA60CF21A70177400DB6268 /* CPTBorderedLayer.h */ = {isa = PBXFileReference; fileEncoding = 4; lastKnownFileType = sourcecode.c.h; path = CPTBorderedLayer.h; sourceTree = "<group>"; };
		0AA60CF31A70177400DB6268 /* CPTCalendarFormatter.h */ = {isa = PBXFileReference; fileEncoding = 4; lastKnownFileType = sourcecode.c.h; path = CPTCalendarFormatter.h; sourceTree = "<group>"; };
		0AA60CF41A70177400DB6268 /* CPTColor.h */ = {isa = PBXFileReference; fileEncoding = 4; lastKnownFileType = sourcecode.c.h; path = CPTColor.h; sourceTree = "<group>"; };
		0AA60CF51A70177400DB6268 /* CPTColorSpace.h */ = {isa = PBXFileReference; fileEncoding = 4; lastKnownFileType = sourcecode.c.h; path = CPTColorSpace.h; sourceTree = "<group>"; };
		0AA60CF61A70177400DB6268 /* CPTConstraints.h */ = {isa = PBXFileReference; fileEncoding = 4; lastKnownFileType = sourcecode.c.h; path = CPTConstraints.h; sourceTree = "<group>"; };
		0AA60CF71A70177400DB6268 /* CPTDataSourceTestCase.h */ = {isa = PBXFileReference; fileEncoding = 4; lastKnownFileType = sourcecode.c.h; path = CPTDataSourceTestCase.h; sourceTree = "<group>"; };
		0AA60CF81A70177400DB6268 /* CPTDefinitions.h */ = {isa = PBXFileReference; fileEncoding = 4; lastKnownFileType = sourcecode.c.h; path = CPTDefinitions.h; sourceTree = "<group>"; };
		0AA60CF91A70177400DB6268 /* CPTDerivedXYGraph.h */ = {isa = PBXFileReference; fileEncoding = 4; lastKnownFileType = sourcecode.c.h; path = CPTDerivedXYGraph.h; sourceTree = "<group>"; };
		0AA60CFA1A70177400DB6268 /* CPTExceptions.h */ = {isa = PBXFileReference; fileEncoding = 4; lastKnownFileType = sourcecode.c.h; path = CPTExceptions.h; sourceTree = "<group>"; };
		0AA60CFB1A70177400DB6268 /* CPTFill.h */ = {isa = PBXFileReference; fileEncoding = 4; lastKnownFileType = sourcecode.c.h; path = CPTFill.h; sourceTree = "<group>"; };
		0AA60CFC1A70177400DB6268 /* CPTFunctionDataSource.h */ = {isa = PBXFileReference; fileEncoding = 4; lastKnownFileType = sourcecode.c.h; path = CPTFunctionDataSource.h; sourceTree = "<group>"; };
		0AA60CFD1A70177400DB6268 /* CPTGradient.h */ = {isa = PBXFileReference; fileEncoding = 4; lastKnownFileType = sourcecode.c.h; path = CPTGradient.h; sourceTree = "<group>"; };
		0AA60CFE1A70177400DB6268 /* CPTGraph.h */ = {isa = PBXFileReference; fileEncoding = 4; lastKnownFileType = sourcecode.c.h; path = CPTGraph.h; sourceTree = "<group>"; };
		0AA60CFF1A70177400DB6268 /* CPTGraphHostingView.h */ = {isa = PBXFileReference; fileEncoding = 4; lastKnownFileType = sourcecode.c.h; path = CPTGraphHostingView.h; sourceTree = "<group>"; };
		0AA60D001A70177400DB6268 /* CPTGridLineGroup.h */ = {isa = PBXFileReference; fileEncoding = 4; lastKnownFileType = sourcecode.c.h; path = CPTGridLineGroup.h; sourceTree = "<group>"; };
		0AA60D011A70177500DB6268 /* CPTGridLines.h */ = {isa = PBXFileReference; fileEncoding = 4; lastKnownFileType = sourcecode.c.h; path = CPTGridLines.h; sourceTree = "<group>"; };
		0AA60D021A70177500DB6268 /* CPTImage.h */ = {isa = PBXFileReference; fileEncoding = 4; lastKnownFileType = sourcecode.c.h; path = CPTImage.h; sourceTree = "<group>"; };
		0AA60D031A70177500DB6268 /* CPTLayer.h */ = {isa = PBXFileReference; fileEncoding = 4; lastKnownFileType = sourcecode.c.h; path = CPTLayer.h; sourceTree = "<group>"; };
		0AA60D041A70177500DB6268 /* CPTLayerAnnotation.h */ = {isa = PBXFileReference; fileEncoding = 4; lastKnownFileType = sourcecode.c.h; path = CPTLayerAnnotation.h; sourceTree = "<group>"; };
		0AA60D051A70177500DB6268 /* CPTLegend.h */ = {isa = PBXFileReference; fileEncoding = 4; lastKnownFileType = sourcecode.c.h; path = CPTLegend.h; sourceTree = "<group>"; };
		0AA60D061A70177500DB6268 /* CPTLegendEntry.h */ = {isa = PBXFileReference; fileEncoding = 4; lastKnownFileType = sourcecode.c.h; path = CPTLegendEntry.h; sourceTree = "<group>"; };
		0AA60D071A70177500DB6268 /* CPTLimitBand.h */ = {isa = PBXFileReference; fileEncoding = 4; lastKnownFileType = sourcecode.c.h; path = CPTLimitBand.h; sourceTree = "<group>"; };
		0AA60D081A70177500DB6268 /* CPTLineCap.h */ = {isa = PBXFileReference; fileEncoding = 4; lastKnownFileType = sourcecode.c.h; path = CPTLineCap.h; sourceTree = "<group>"; };
		0AA60D091A70177500DB6268 /* CPTLineStyle.h */ = {isa = PBXFileReference; fileEncoding = 4; lastKnownFileType = sourcecode.c.h; path = CPTLineStyle.h; sourceTree = "<group>"; };
		0AA60D0A1A70177500DB6268 /* CPTMutableLineStyle.h */ = {isa = PBXFileReference; fileEncoding = 4; lastKnownFileType = sourcecode.c.h; path = CPTMutableLineStyle.h; sourceTree = "<group>"; };
		0AA60D0B1A70177500DB6268 /* CPTMutableNumericData+TypeConversion.h */ = {isa = PBXFileReference; fileEncoding = 4; lastKnownFileType = sourcecode.c.h; path = "CPTMutableNumericData+TypeConversion.h"; sourceTree = "<group>"; };
		0AA60D0C1A70177500DB6268 /* CPTMutableNumericData.h */ = {isa = PBXFileReference; fileEncoding = 4; lastKnownFileType = sourcecode.c.h; path = CPTMutableNumericData.h; sourceTree = "<group>"; };
		0AA60D0D1A70177500DB6268 /* CPTMutablePlotRange.h */ = {isa = PBXFileReference; fileEncoding = 4; lastKnownFileType = sourcecode.c.h; path = CPTMutablePlotRange.h; sourceTree = "<group>"; };
		0AA60D0E1A70177500DB6268 /* CPTMutableShadow.h */ = {isa = PBXFileReference; fileEncoding = 4; lastKnownFileType = sourcecode.c.h; path = CPTMutableShadow.h; sourceTree = "<group>"; };
		0AA60D0F1A70177500DB6268 /* CPTMutableTextStyle.h */ = {isa = PBXFileReference; fileEncoding = 4; lastKnownFileType = sourcecode.c.h; path = CPTMutableTextStyle.h; sourceTree = "<group>"; };
		0AA60D101A70177500DB6268 /* CPTNumericData+TypeConversion.h */ = {isa = PBXFileReference; fileEncoding = 4; lastKnownFileType = sourcecode.c.h; path = "CPTNumericData+TypeConversion.h"; sourceTree = "<group>"; };
		0AA60D111A70177500DB6268 /* CPTNumericData.h */ = {isa = PBXFileReference; fileEncoding = 4; lastKnownFileType = sourcecode.c.h; path = CPTNumericData.h; sourceTree = "<group>"; };
		0AA60D121A70177500DB6268 /* CPTNumericDataType.h */ = {isa = PBXFileReference; fileEncoding = 4; lastKnownFileType = sourcecode.c.h; path = CPTNumericDataType.h; sourceTree = "<group>"; };
		0AA60D131A70177500DB6268 /* CPTPathExtensions.h */ = {isa = PBXFileReference; fileEncoding = 4; lastKnownFileType = sourcecode.c.h; path = CPTPathExtensions.h; sourceTree = "<group>"; };
		0AA60D141A70177500DB6268 /* CPTPieChart.h */ = {isa = PBXFileReference; fileEncoding = 4; lastKnownFileType = sourcecode.c.h; path = CPTPieChart.h; sourceTree = "<group>"; };
		0AA60D151A70177500DB6268 /* CPTPlatformSpecificCategories.h */ = {isa = PBXFileReference; fileEncoding = 4; lastKnownFileType = sourcecode.c.h; path = CPTPlatformSpecificCategories.h; sourceTree = "<group>"; };
		0AA60D161A70177500DB6268 /* CPTPlatformSpecificDefines.h */ = {isa = PBXFileReference; fileEncoding = 4; lastKnownFileType = sourcecode.c.h; path = CPTPlatformSpecificDefines.h; sourceTree = "<group>"; };
		0AA60D171A70177500DB6268 /* CPTPlatformSpecificFunctions.h */ = {isa = PBXFileReference; fileEncoding = 4; lastKnownFileType = sourcecode.c.h; path = CPTPlatformSpecificFunctions.h; sourceTree = "<group>"; };
		0AA60D181A70177500DB6268 /* CPTPlot.h */ = {isa = PBXFileReference; fileEncoding = 4; lastKnownFileType = sourcecode.c.h; path = CPTPlot.h; sourceTree = "<group>"; };
		0AA60D191A70177500DB6268 /* CPTPlotArea.h */ = {isa = PBXFileReference; fileEncoding = 4; lastKnownFileType = sourcecode.c.h; path = CPTPlotArea.h; sourceTree = "<group>"; };
		0AA60D1A1A70177500DB6268 /* CPTPlotAreaFrame.h */ = {isa = PBXFileReference; fileEncoding = 4; lastKnownFileType = sourcecode.c.h; path = CPTPlotAreaFrame.h; sourceTree = "<group>"; };
		0AA60D1B1A70177500DB6268 /* CPTPlotGroup.h */ = {isa = PBXFileReference; fileEncoding = 4; lastKnownFileType = sourcecode.c.h; path = CPTPlotGroup.h; sourceTree = "<group>"; };
		0AA60D1C1A70177500DB6268 /* CPTPlotRange.h */ = {isa = PBXFileReference; fileEncoding = 4; lastKnownFileType = sourcecode.c.h; path = CPTPlotRange.h; sourceTree = "<group>"; };
		0AA60D1D1A70177500DB6268 /* CPTPlotSpace.h */ = {isa = PBXFileReference; fileEncoding = 4; lastKnownFileType = sourcecode.c.h; path = CPTPlotSpace.h; sourceTree = "<group>"; };
		0AA60D1E1A70177500DB6268 /* CPTPlotSpaceAnnotation.h */ = {isa = PBXFileReference; fileEncoding = 4; lastKnownFileType = sourcecode.c.h; path = CPTPlotSpaceAnnotation.h; sourceTree = "<group>"; };
		0AA60D1F1A70177500DB6268 /* CPTPlotSymbol.h */ = {isa = PBXFileReference; fileEncoding = 4; lastKnownFileType = sourcecode.c.h; path = CPTPlotSymbol.h; sourceTree = "<group>"; };
		0AA60D201A70177500DB6268 /* CPTRangePlot.h */ = {isa = PBXFileReference; fileEncoding = 4; lastKnownFileType = sourcecode.c.h; path = CPTRangePlot.h; sourceTree = "<group>"; };
		0AA60D211A70177500DB6268 /* CPTResponder.h */ = {isa = PBXFileReference; fileEncoding = 4; lastKnownFileType = sourcecode.c.h; path = CPTResponder.h; sourceTree = "<group>"; };
		0AA60D221A70177500DB6268 /* CPTScatterPlot.h */ = {isa = PBXFileReference; fileEncoding = 4; lastKnownFileType = sourcecode.c.h; path = CPTScatterPlot.h; sourceTree = "<group>"; };
		0AA60D231A70177500DB6268 /* CPTShadow.h */ = {isa = PBXFileReference; fileEncoding = 4; lastKnownFileType = sourcecode.c.h; path = CPTShadow.h; sourceTree = "<group>"; };
		0AA60D241A70177500DB6268 /* CPTTestCase.h */ = {isa = PBXFileReference; fileEncoding = 4; lastKnownFileType = sourcecode.c.h; path = CPTTestCase.h; sourceTree = "<group>"; };
		0AA60D251A70177500DB6268 /* CPTTextLayer.h */ = {isa = PBXFileReference; fileEncoding = 4; lastKnownFileType = sourcecode.c.h; path = CPTTextLayer.h; sourceTree = "<group>"; };
		0AA60D261A70177500DB6268 /* CPTTextStyle.h */ = {isa = PBXFileReference; fileEncoding = 4; lastKnownFileType = sourcecode.c.h; path = CPTTextStyle.h; sourceTree = "<group>"; };
		0AA60D271A70177500DB6268 /* CPTTextStylePlatformSpecific.h */ = {isa = PBXFileReference; fileEncoding = 4; lastKnownFileType = sourcecode.c.h; path = CPTTextStylePlatformSpecific.h; sourceTree = "<group>"; };
		0AA60D281A70177500DB6268 /* CPTTheme.h */ = {isa = PBXFileReference; fileEncoding = 4; lastKnownFileType = sourcecode.c.h; path = CPTTheme.h; sourceTree = "<group>"; };
		0AA60D291A70177500DB6268 /* CPTTimeFormatter.h */ = {isa = PBXFileReference; fileEncoding = 4; lastKnownFileType = sourcecode.c.h; path = CPTTimeFormatter.h; sourceTree = "<group>"; };
		0AA60D2A1A70177500DB6268 /* CPTTradingRangePlot.h */ = {isa = PBXFileReference; fileEncoding = 4; lastKnownFileType = sourcecode.c.h; path = CPTTradingRangePlot.h; sourceTree = "<group>"; };
		0AA60D2B1A70177500DB6268 /* CPTUtilities.h */ = {isa = PBXFileReference; fileEncoding = 4; lastKnownFileType = sourcecode.c.h; path = CPTUtilities.h; sourceTree = "<group>"; };
		0AA60D2C1A70177500DB6268 /* CPTXYAxis.h */ = {isa = PBXFileReference; fileEncoding = 4; lastKnownFileType = sourcecode.c.h; path = CPTXYAxis.h; sourceTree = "<group>"; };
		0AA60D2D1A70177500DB6268 /* CPTXYAxisSet.h */ = {isa = PBXFileReference; fileEncoding = 4; lastKnownFileType = sourcecode.c.h; path = CPTXYAxisSet.h; sourceTree = "<group>"; };
		0AA60D2E1A70177500DB6268 /* CPTXYGraph.h */ = {isa = PBXFileReference; fileEncoding = 4; lastKnownFileType = sourcecode.c.h; path = CPTXYGraph.h; sourceTree = "<group>"; };
		0AA60D2F1A70177500DB6268 /* CPTXYPlotSpace.h */ = {isa = PBXFileReference; fileEncoding = 4; lastKnownFileType = sourcecode.c.h; path = CPTXYPlotSpace.h; sourceTree = "<group>"; };
		0AA60D301A70177500DB6268 /* mainpage.h */ = {isa = PBXFileReference; fileEncoding = 4; lastKnownFileType = sourcecode.c.h; path = mainpage.h; sourceTree = "<group>"; };
		0AA60D311A70177500DB6268 /* NSCoderExtensions.h */ = {isa = PBXFileReference; fileEncoding = 4; lastKnownFileType = sourcecode.c.h; path = NSCoderExtensions.h; sourceTree = "<group>"; };
		0AA60D321A70177500DB6268 /* NSDecimalNumberExtensions.h */ = {isa = PBXFileReference; fileEncoding = 4; lastKnownFileType = sourcecode.c.h; path = NSDecimalNumberExtensions.h; sourceTree = "<group>"; };
		0AA60D331A70177500DB6268 /* NSNumberExtensions.h */ = {isa = PBXFileReference; fileEncoding = 4; lastKnownFileType = sourcecode.c.h; path = NSNumberExtensions.h; sourceTree = "<group>"; };
		0AA60D341A70177500DB6268 /* libCorePlot-CocoaTouch.a */ = {isa = PBXFileReference; lastKnownFileType = archive.ar; path = "libCorePlot-CocoaTouch.a"; sourceTree = "<group>"; };
		0AA60D361A70182A00DB6268 /* QuartzCore.framework */ = {isa = PBXFileReference; lastKnownFileType = wrapper.framework; name = QuartzCore.framework; path = System/Library/Frameworks/QuartzCore.framework; sourceTree = SDKROOT; };
		3D1CCFDB1A63A8970026BA86 /* RangeSlider.swift */ = {isa = PBXFileReference; fileEncoding = 4; lastKnownFileType = sourcecode.swift; path = RangeSlider.swift; sourceTree = "<group>"; };
		3D1CCFDC1A63A8970026BA86 /* RangeSliderThumbLayer.swift */ = {isa = PBXFileReference; fileEncoding = 4; lastKnownFileType = sourcecode.swift; path = RangeSliderThumbLayer.swift; sourceTree = "<group>"; };
		3D1CCFDD1A63A8970026BA86 /* RangeSliderTrackLayer.swift */ = {isa = PBXFileReference; fileEncoding = 4; lastKnownFileType = sourcecode.swift; path = RangeSliderTrackLayer.swift; sourceTree = "<group>"; };
		3D30D2961A2E8B000046F694 /* Banzai.app */ = {isa = PBXFileReference; explicitFileType = wrapper.application; includeInIndex = 0; path = Banzai.app; sourceTree = BUILT_PRODUCTS_DIR; };
		3D30D29A1A2E8B000046F694 /* Info.plist */ = {isa = PBXFileReference; lastKnownFileType = text.plist.xml; path = Info.plist; sourceTree = "<group>"; };
		3D30D29B1A2E8B000046F694 /* AppDelegate.swift */ = {isa = PBXFileReference; lastKnownFileType = sourcecode.swift; path = AppDelegate.swift; sourceTree = "<group>"; };
		3D30D29D1A2E8B000046F694 /* LoginViewController.swift */ = {isa = PBXFileReference; lastKnownFileType = sourcecode.swift; path = LoginViewController.swift; sourceTree = "<group>"; };
		3D30D2A01A2E8B000046F694 /* Base */ = {isa = PBXFileReference; lastKnownFileType = file.storyboard; name = Base; path = Base.lproj/Main.storyboard; sourceTree = "<group>"; };
		3D30D2A21A2E8B000046F694 /* Images.xcassets */ = {isa = PBXFileReference; lastKnownFileType = folder.assetcatalog; path = Images.xcassets; sourceTree = "<group>"; };
		3D30D2AB1A2E8B000046F694 /* BanzaiTests.xctest */ = {isa = PBXFileReference; explicitFileType = wrapper.cfbundle; includeInIndex = 0; path = BanzaiTests.xctest; sourceTree = BUILT_PRODUCTS_DIR; };
		3D30D2B01A2E8B000046F694 /* Info.plist */ = {isa = PBXFileReference; lastKnownFileType = text.plist.xml; path = Info.plist; sourceTree = "<group>"; };
		3D30D2B11A2E8B000046F694 /* BanzaiTests.swift */ = {isa = PBXFileReference; lastKnownFileType = sourcecode.swift; path = BanzaiTests.swift; sourceTree = "<group>"; };
		3D30D2BF1A2EB67F0046F694 /* DashboardViewController.swift */ = {isa = PBXFileReference; fileEncoding = 4; lastKnownFileType = sourcecode.swift; path = DashboardViewController.swift; sourceTree = "<group>"; };
		3D30D2D61A2FA8D90046F694 /* BanzaiLaunch.xib */ = {isa = PBXFileReference; fileEncoding = 4; lastKnownFileType = file.xib; path = BanzaiLaunch.xib; sourceTree = "<group>"; };
		3D48E7B81A6F9D5F00A796A2 /* DashboardTableCell.swift */ = {isa = PBXFileReference; fileEncoding = 4; lastKnownFileType = sourcecode.swift; path = DashboardTableCell.swift; sourceTree = "<group>"; };
		3DAAA3C71A6F4408009BDE46 /* Banzai-Bridging-Header.h */ = {isa = PBXFileReference; lastKnownFileType = sourcecode.c.h; path = "Banzai-Bridging-Header.h"; sourceTree = SOURCE_ROOT; };
		3DAAA3C91A6F4408009BDE46 /* PNCircleChart.m */ = {isa = PBXFileReference; fileEncoding = 4; lastKnownFileType = sourcecode.c.objc; path = PNCircleChart.m; sourceTree = "<group>"; };
		3DAAA3CB1A6F4441009BDE46 /* PNColor.h */ = {isa = PBXFileReference; fileEncoding = 4; lastKnownFileType = sourcecode.c.h; path = PNColor.h; sourceTree = "<group>"; };
		3DAAA3CC1A6F4441009BDE46 /* PNColor.m */ = {isa = PBXFileReference; fileEncoding = 4; lastKnownFileType = sourcecode.c.objc; path = PNColor.m; sourceTree = "<group>"; };
		3DAAA3D11A6F45D0009BDE46 /* PNCircleChart.h */ = {isa = PBXFileReference; lastKnownFileType = sourcecode.c.h; path = PNCircleChart.h; sourceTree = "<group>"; };
/* End PBXFileReference section */

/* Begin PBXFrameworksBuildPhase section */
		3D30D2931A2E8B000046F694 /* Frameworks */ = {
			isa = PBXFrameworksBuildPhase;
			buildActionMask = 2147483647;
			files = (
				0AA60D371A70182A00DB6268 /* QuartzCore.framework in Frameworks */,
				0AA60D351A70177500DB6268 /* libCorePlot-CocoaTouch.a in Frameworks */,
			);
			runOnlyForDeploymentPostprocessing = 0;
		};
		3D30D2A81A2E8B000046F694 /* Frameworks */ = {
			isa = PBXFrameworksBuildPhase;
			buildActionMask = 2147483647;
			files = (
			);
			runOnlyForDeploymentPostprocessing = 0;
		};
/* End PBXFrameworksBuildPhase section */

/* Begin PBXGroup section */
		0AA60B751A70123000DB6268 /* CorePlot */ = {
			isa = PBXGroup;
			children = (
				0AA60CE51A70177400DB6268 /* CorePlotHeaders */,
				0AA60D341A70177500DB6268 /* libCorePlot-CocoaTouch.a */,
			);
			name = CorePlot;
			sourceTree = "<group>";
		};
		0AA60CE51A70177400DB6268 /* CorePlotHeaders */ = {
			isa = PBXGroup;
			children = (
				0AA60CE61A70177400DB6268 /* CorePlot-CocoaTouch.h */,
				0AA60CE71A70177400DB6268 /* CPTAnimation.h */,
				0AA60CE81A70177400DB6268 /* CPTAnimationOperation.h */,
				0AA60CE91A70177400DB6268 /* CPTAnimationPeriod.h */,
				0AA60CEA1A70177400DB6268 /* CPTAnnotation.h */,
				0AA60CEB1A70177400DB6268 /* CPTAnnotationHostLayer.h */,
				0AA60CEC1A70177400DB6268 /* CPTAxis.h */,
				0AA60CED1A70177400DB6268 /* CPTAxisLabel.h */,
				0AA60CEE1A70177400DB6268 /* CPTAxisLabelGroup.h */,
				0AA60CEF1A70177400DB6268 /* CPTAxisSet.h */,
				0AA60CF01A70177400DB6268 /* CPTAxisTitle.h */,
				0AA60CF11A70177400DB6268 /* CPTBarPlot.h */,
				0AA60CF21A70177400DB6268 /* CPTBorderedLayer.h */,
				0AA60CF31A70177400DB6268 /* CPTCalendarFormatter.h */,
				0AA60CF41A70177400DB6268 /* CPTColor.h */,
				0AA60CF51A70177400DB6268 /* CPTColorSpace.h */,
				0AA60CF61A70177400DB6268 /* CPTConstraints.h */,
				0AA60CF71A70177400DB6268 /* CPTDataSourceTestCase.h */,
				0AA60CF81A70177400DB6268 /* CPTDefinitions.h */,
				0AA60CF91A70177400DB6268 /* CPTDerivedXYGraph.h */,
				0AA60CFA1A70177400DB6268 /* CPTExceptions.h */,
				0AA60CFB1A70177400DB6268 /* CPTFill.h */,
				0AA60CFC1A70177400DB6268 /* CPTFunctionDataSource.h */,
				0AA60CFD1A70177400DB6268 /* CPTGradient.h */,
				0AA60CFE1A70177400DB6268 /* CPTGraph.h */,
				0AA60CFF1A70177400DB6268 /* CPTGraphHostingView.h */,
				0AA60D001A70177400DB6268 /* CPTGridLineGroup.h */,
				0AA60D011A70177500DB6268 /* CPTGridLines.h */,
				0AA60D021A70177500DB6268 /* CPTImage.h */,
				0AA60D031A70177500DB6268 /* CPTLayer.h */,
				0AA60D041A70177500DB6268 /* CPTLayerAnnotation.h */,
				0AA60D051A70177500DB6268 /* CPTLegend.h */,
				0AA60D061A70177500DB6268 /* CPTLegendEntry.h */,
				0AA60D071A70177500DB6268 /* CPTLimitBand.h */,
				0AA60D081A70177500DB6268 /* CPTLineCap.h */,
				0AA60D091A70177500DB6268 /* CPTLineStyle.h */,
				0AA60D0A1A70177500DB6268 /* CPTMutableLineStyle.h */,
				0AA60D0B1A70177500DB6268 /* CPTMutableNumericData+TypeConversion.h */,
				0AA60D0C1A70177500DB6268 /* CPTMutableNumericData.h */,
				0AA60D0D1A70177500DB6268 /* CPTMutablePlotRange.h */,
				0AA60D0E1A70177500DB6268 /* CPTMutableShadow.h */,
				0AA60D0F1A70177500DB6268 /* CPTMutableTextStyle.h */,
				0AA60D101A70177500DB6268 /* CPTNumericData+TypeConversion.h */,
				0AA60D111A70177500DB6268 /* CPTNumericData.h */,
				0AA60D121A70177500DB6268 /* CPTNumericDataType.h */,
				0AA60D131A70177500DB6268 /* CPTPathExtensions.h */,
				0AA60D141A70177500DB6268 /* CPTPieChart.h */,
				0AA60D151A70177500DB6268 /* CPTPlatformSpecificCategories.h */,
				0AA60D161A70177500DB6268 /* CPTPlatformSpecificDefines.h */,
				0AA60D171A70177500DB6268 /* CPTPlatformSpecificFunctions.h */,
				0AA60D181A70177500DB6268 /* CPTPlot.h */,
				0AA60D191A70177500DB6268 /* CPTPlotArea.h */,
				0AA60D1A1A70177500DB6268 /* CPTPlotAreaFrame.h */,
				0AA60D1B1A70177500DB6268 /* CPTPlotGroup.h */,
				0AA60D1C1A70177500DB6268 /* CPTPlotRange.h */,
				0AA60D1D1A70177500DB6268 /* CPTPlotSpace.h */,
				0AA60D1E1A70177500DB6268 /* CPTPlotSpaceAnnotation.h */,
				0AA60D1F1A70177500DB6268 /* CPTPlotSymbol.h */,
				0AA60D201A70177500DB6268 /* CPTRangePlot.h */,
				0AA60D211A70177500DB6268 /* CPTResponder.h */,
				0AA60D221A70177500DB6268 /* CPTScatterPlot.h */,
				0AA60D231A70177500DB6268 /* CPTShadow.h */,
				0AA60D241A70177500DB6268 /* CPTTestCase.h */,
				0AA60D251A70177500DB6268 /* CPTTextLayer.h */,
				0AA60D261A70177500DB6268 /* CPTTextStyle.h */,
				0AA60D271A70177500DB6268 /* CPTTextStylePlatformSpecific.h */,
				0AA60D281A70177500DB6268 /* CPTTheme.h */,
				0AA60D291A70177500DB6268 /* CPTTimeFormatter.h */,
				0AA60D2A1A70177500DB6268 /* CPTTradingRangePlot.h */,
				0AA60D2B1A70177500DB6268 /* CPTUtilities.h */,
				0AA60D2C1A70177500DB6268 /* CPTXYAxis.h */,
				0AA60D2D1A70177500DB6268 /* CPTXYAxisSet.h */,
				0AA60D2E1A70177500DB6268 /* CPTXYGraph.h */,
				0AA60D2F1A70177500DB6268 /* CPTXYPlotSpace.h */,
				0AA60D301A70177500DB6268 /* mainpage.h */,
				0AA60D311A70177500DB6268 /* NSCoderExtensions.h */,
				0AA60D321A70177500DB6268 /* NSDecimalNumberExtensions.h */,
				0AA60D331A70177500DB6268 /* NSNumberExtensions.h */,
			);
			path = CorePlotHeaders;
			sourceTree = "<group>";
		};
		3D1CCFDA1A63A8130026BA86 /* CustomSlider */ = {
			isa = PBXGroup;
			children = (
				3D1CCFDB1A63A8970026BA86 /* RangeSlider.swift */,
				3D1CCFDC1A63A8970026BA86 /* RangeSliderThumbLayer.swift */,
				3D1CCFDD1A63A8970026BA86 /* RangeSliderTrackLayer.swift */,
			);
			name = CustomSlider;
			sourceTree = "<group>";
		};
		3D30D28D1A2E8B000046F694 = {
			isa = PBXGroup;
			children = (
				0AA60D361A70182A00DB6268 /* QuartzCore.framework */,
				0AA60B751A70123000DB6268 /* CorePlot */,
				3DAAA3C61A6F41A8009BDE46 /* PNChart */,
				3D1CCFDA1A63A8130026BA86 /* CustomSlider */,
				3D30D2981A2E8B000046F694 /* Banzai */,
				3D30D2AE1A2E8B000046F694 /* BanzaiTests */,
				3D30D2971A2E8B000046F694 /* Products */,
			);
			sourceTree = "<group>";
		};
		3D30D2971A2E8B000046F694 /* Products */ = {
			isa = PBXGroup;
			children = (
				3D30D2961A2E8B000046F694 /* Banzai.app */,
				3D30D2AB1A2E8B000046F694 /* BanzaiTests.xctest */,
			);
			name = Products;
			sourceTree = "<group>";
		};
		3D30D2981A2E8B000046F694 /* Banzai */ = {
			isa = PBXGroup;
			children = (
				3DAAA3C71A6F4408009BDE46 /* Banzai-Bridging-Header.h */,
				3D48E7B81A6F9D5F00A796A2 /* DashboardTableCell.swift */,
				3D30D2BF1A2EB67F0046F694 /* DashboardViewController.swift */,
				3D30D29B1A2E8B000046F694 /* AppDelegate.swift */,
				0A8661961A5D0DE3009687FA /* BrowserUsageViewController.swift */,
				0A7D11521A41914B00580977 /* ENSideMenu.swift */,
				0A7D11531A41914B00580977 /* ENSideMenuNavigationController.swift */,
				3D30D29D1A2E8B000046F694 /* LoginViewController.swift */,
				0A7D111E1A4190C800580977 /* MainNavigationController.swift */,
				0A8661941A5D0C45009687FA /* OSUsageViewController.swift */,
				0A7D11581A41965300580977 /* ServerDetailsViewController.swift */,
				0A7D115C1A41966600580977 /* SettingsViewController.swift */,
				0A7D11561A41919700580977 /* SideMenuTableViewController.swift */,
				0A7D115A1A41965E00580977 /* SystemErrorsViewController.swift */,
				3D30D29F1A2E8B000046F694 /* Main.storyboard */,
				3D30D2A21A2E8B000046F694 /* Images.xcassets */,
				3D30D2991A2E8B000046F694 /* Supporting Files */,
				3D30D2D61A2FA8D90046F694 /* BanzaiLaunch.xib */,
				0A1B39EB1A8B80ED00CBE1E3 /* CPTMutablePlotRange+SwiftCompat.h */,
				0A1B39EC1A8B80ED00CBE1E3 /* CPTMutablePlotRange+SwiftCompat.m */,
			);
			path = Banzai;
			sourceTree = "<group>";
		};
		3D30D2991A2E8B000046F694 /* Supporting Files */ = {
			isa = PBXGroup;
			children = (
				3D30D29A1A2E8B000046F694 /* Info.plist */,
			);
			name = "Supporting Files";
			sourceTree = "<group>";
		};
		3D30D2AE1A2E8B000046F694 /* BanzaiTests */ = {
			isa = PBXGroup;
			children = (
				3D30D2B11A2E8B000046F694 /* BanzaiTests.swift */,
				3D30D2AF1A2E8B000046F694 /* Supporting Files */,
			);
			path = BanzaiTests;
			sourceTree = "<group>";
		};
		3D30D2AF1A2E8B000046F694 /* Supporting Files */ = {
			isa = PBXGroup;
			children = (
				3D30D2B01A2E8B000046F694 /* Info.plist */,
			);
			name = "Supporting Files";
			sourceTree = "<group>";
		};
		3DAAA3C61A6F41A8009BDE46 /* PNChart */ = {
			isa = PBXGroup;
			children = (
				0A69DB311A8BB5AA002245C4 /* PNChartDelegate.h */,
				0A69DB321A8BB6F0002245C4 /* PNChartLabel.h */,
				0A69DB331A8BB6F0002245C4 /* PNChartLabel.m */,
				3DAAA3D11A6F45D0009BDE46 /* PNCircleChart.h */,
				3DAAA3C91A6F4408009BDE46 /* PNCircleChart.m */,
				3DAAA3CB1A6F4441009BDE46 /* PNColor.h */,
				3DAAA3CC1A6F4441009BDE46 /* PNColor.m */,
				0A1B39F91A8BAFCB00CBE1E3 /* PNLineChart.h */,
				0A1B39FA1A8BAFCB00CBE1E3 /* PNLineChart.m */,
				0A1B39FB1A8BAFCB00CBE1E3 /* PNLineChartData.h */,
				0A1B39FC1A8BAFCB00CBE1E3 /* PNLineChartData.m */,
				0A1B39FD1A8BAFCB00CBE1E3 /* PNLineChartDataItem.h */,
				0A1B39FE1A8BAFCB00CBE1E3 /* PNLineChartDataItem.m */,
				0A69DB2E1A8BB494002245C4 /* UICountingLabel.h */,
				0A69DB2F1A8BB494002245C4 /* UICountingLabel.m */,
			);
			name = PNChart;
			sourceTree = "<group>";
		};
/* End PBXGroup section */

/* Begin PBXNativeTarget section */
		3D30D2951A2E8B000046F694 /* Banzai */ = {
			isa = PBXNativeTarget;
			buildConfigurationList = 3D30D2B51A2E8B000046F694 /* Build configuration list for PBXNativeTarget "Banzai" */;
			buildPhases = (
				3D30D2921A2E8B000046F694 /* Sources */,
				3D30D2931A2E8B000046F694 /* Frameworks */,
				3D30D2941A2E8B000046F694 /* Resources */,
			);
			buildRules = (
			);
			dependencies = (
			);
			name = Banzai;
			productName = Banzai;
			productReference = 3D30D2961A2E8B000046F694 /* Banzai.app */;
			productType = "com.apple.product-type.application";
		};
		3D30D2AA1A2E8B000046F694 /* BanzaiTests */ = {
			isa = PBXNativeTarget;
			buildConfigurationList = 3D30D2B81A2E8B000046F694 /* Build configuration list for PBXNativeTarget "BanzaiTests" */;
			buildPhases = (
				3D30D2A71A2E8B000046F694 /* Sources */,
				3D30D2A81A2E8B000046F694 /* Frameworks */,
				3D30D2A91A2E8B000046F694 /* Resources */,
			);
			buildRules = (
			);
			dependencies = (
				3D30D2AD1A2E8B000046F694 /* PBXTargetDependency */,
			);
			name = BanzaiTests;
			productName = BanzaiTests;
			productReference = 3D30D2AB1A2E8B000046F694 /* BanzaiTests.xctest */;
			productType = "com.apple.product-type.bundle.unit-test";
		};
/* End PBXNativeTarget section */

/* Begin PBXProject section */
		3D30D28E1A2E8B000046F694 /* Project object */ = {
			isa = PBXProject;
			attributes = {
				LastUpgradeCheck = 0610;
				ORGANIZATIONNAME = "Rose-Hulman";
				TargetAttributes = {
					3D30D2951A2E8B000046F694 = {
						CreatedOnToolsVersion = 6.1;
					};
					3D30D2AA1A2E8B000046F694 = {
						CreatedOnToolsVersion = 6.1;
						TestTargetID = 3D30D2951A2E8B000046F694;
					};
				};
			};
			buildConfigurationList = 3D30D2911A2E8B000046F694 /* Build configuration list for PBXProject "Banzai" */;
			compatibilityVersion = "Xcode 3.2";
			developmentRegion = English;
			hasScannedForEncodings = 0;
			knownRegions = (
				en,
				Base,
			);
			mainGroup = 3D30D28D1A2E8B000046F694;
			productRefGroup = 3D30D2971A2E8B000046F694 /* Products */;
			projectDirPath = "";
			projectRoot = "";
			targets = (
				3D30D2951A2E8B000046F694 /* Banzai */,
				3D30D2AA1A2E8B000046F694 /* BanzaiTests */,
			);
		};
/* End PBXProject section */

/* Begin PBXResourcesBuildPhase section */
		3D30D2941A2E8B000046F694 /* Resources */ = {
			isa = PBXResourcesBuildPhase;
			buildActionMask = 2147483647;
			files = (
				3D30D2A11A2E8B000046F694 /* Main.storyboard in Resources */,
				3D30D2D71A2FA8D90046F694 /* BanzaiLaunch.xib in Resources */,
				3D30D2A31A2E8B000046F694 /* Images.xcassets in Resources */,
			);
			runOnlyForDeploymentPostprocessing = 0;
		};
		3D30D2A91A2E8B000046F694 /* Resources */ = {
			isa = PBXResourcesBuildPhase;
			buildActionMask = 2147483647;
			files = (
			);
			runOnlyForDeploymentPostprocessing = 0;
		};
/* End PBXResourcesBuildPhase section */

/* Begin PBXSourcesBuildPhase section */
		3D30D2921A2E8B000046F694 /* Sources */ = {
			isa = PBXSourcesBuildPhase;
			buildActionMask = 2147483647;
			files = (
				0A7D11591A41965300580977 /* ServerDetailsViewController.swift in Sources */,
				0A1B3A0B1A8BAFCB00CBE1E3 /* PNLineChartDataItem.m in Sources */,
				3D1CCFE01A63A8970026BA86 /* RangeSliderTrackLayer.swift in Sources */,
				3D1CCFDF1A63A8970026BA86 /* RangeSliderThumbLayer.swift in Sources */,
				3D30D29E1A2E8B000046F694 /* LoginViewController.swift in Sources */,
				0A7D111F1A4190C800580977 /* MainNavigationController.swift in Sources */,
				0A1B3A091A8BAFCB00CBE1E3 /* PNLineChart.m in Sources */,
				3D48E7B91A6F9D5F00A796A2 /* DashboardTableCell.swift in Sources */,
				0A7D115D1A41966600580977 /* SettingsViewController.swift in Sources */,
				0A69DB341A8BB6F0002245C4 /* PNChartLabel.m in Sources */,
				0A1B3A0A1A8BAFCB00CBE1E3 /* PNLineChartData.m in Sources */,
				0A7D115B1A41965E00580977 /* SystemErrorsViewController.swift in Sources */,
				3D1CCFDE1A63A8970026BA86 /* RangeSlider.swift in Sources */,
				3DAAA3CD1A6F4441009BDE46 /* PNColor.m in Sources */,
				0A7D11541A41914B00580977 /* ENSideMenu.swift in Sources */,
				3D30D2C01A2EB67F0046F694 /* DashboardViewController.swift in Sources */,
				0A7D11551A41914B00580977 /* ENSideMenuNavigationController.swift in Sources */,
				3D30D29C1A2E8B000046F694 /* AppDelegate.swift in Sources */,
				3DAAA3CA1A6F4408009BDE46 /* PNCircleChart.m in Sources */,
				0A8661951A5D0C45009687FA /* OSUsageViewController.swift in Sources */,
				0A8661971A5D0DE3009687FA /* BrowserUsageViewController.swift in Sources */,
				0A7D11571A41919700580977 /* SideMenuTableViewController.swift in Sources */,
				0A69DB301A8BB494002245C4 /* UICountingLabel.m in Sources */,
				0A1B39ED1A8B80ED00CBE1E3 /* CPTMutablePlotRange+SwiftCompat.m in Sources */,
			);
			runOnlyForDeploymentPostprocessing = 0;
		};
		3D30D2A71A2E8B000046F694 /* Sources */ = {
			isa = PBXSourcesBuildPhase;
			buildActionMask = 2147483647;
			files = (
				3D30D2B21A2E8B000046F694 /* BanzaiTests.swift in Sources */,
			);
			runOnlyForDeploymentPostprocessing = 0;
		};
/* End PBXSourcesBuildPhase section */

/* Begin PBXTargetDependency section */
		3D30D2AD1A2E8B000046F694 /* PBXTargetDependency */ = {
			isa = PBXTargetDependency;
			target = 3D30D2951A2E8B000046F694 /* Banzai */;
			targetProxy = 3D30D2AC1A2E8B000046F694 /* PBXContainerItemProxy */;
		};
/* End PBXTargetDependency section */

/* Begin PBXVariantGroup section */
		3D30D29F1A2E8B000046F694 /* Main.storyboard */ = {
			isa = PBXVariantGroup;
			children = (
				3D30D2A01A2E8B000046F694 /* Base */,
			);
			name = Main.storyboard;
			sourceTree = "<group>";
		};
/* End PBXVariantGroup section */

/* Begin XCBuildConfiguration section */
		3D30D2B31A2E8B000046F694 /* Debug */ = {
			isa = XCBuildConfiguration;
			buildSettings = {
				ALWAYS_SEARCH_USER_PATHS = NO;
				CLANG_CXX_LANGUAGE_STANDARD = "gnu++0x";
				CLANG_CXX_LIBRARY = "libc++";
				CLANG_ENABLE_MODULES = YES;
				CLANG_ENABLE_OBJC_ARC = YES;
				CLANG_WARN_BOOL_CONVERSION = YES;
				CLANG_WARN_CONSTANT_CONVERSION = YES;
				CLANG_WARN_DIRECT_OBJC_ISA_USAGE = YES_ERROR;
				CLANG_WARN_EMPTY_BODY = YES;
				CLANG_WARN_ENUM_CONVERSION = YES;
				CLANG_WARN_INT_CONVERSION = YES;
				CLANG_WARN_OBJC_ROOT_CLASS = YES_ERROR;
				CLANG_WARN_UNREACHABLE_CODE = YES;
				CLANG_WARN__DUPLICATE_METHOD_MATCH = YES;
				"CODE_SIGN_IDENTITY[sdk=iphoneos*]" = "iPhone Developer";
				COPY_PHASE_STRIP = NO;
				ENABLE_STRICT_OBJC_MSGSEND = YES;
				GCC_C_LANGUAGE_STANDARD = gnu99;
				GCC_DYNAMIC_NO_PIC = NO;
				GCC_OPTIMIZATION_LEVEL = 0;
				GCC_PREPROCESSOR_DEFINITIONS = (
					"DEBUG=1",
					"$(inherited)",
				);
				GCC_SYMBOLS_PRIVATE_EXTERN = NO;
				GCC_WARN_64_TO_32_BIT_CONVERSION = YES;
				GCC_WARN_ABOUT_RETURN_TYPE = YES_ERROR;
				GCC_WARN_UNDECLARED_SELECTOR = YES;
				GCC_WARN_UNINITIALIZED_AUTOS = YES_AGGRESSIVE;
				GCC_WARN_UNUSED_FUNCTION = YES;
				GCC_WARN_UNUSED_VARIABLE = YES;
				IPHONEOS_DEPLOYMENT_TARGET = 8.0;
				MTL_ENABLE_DEBUG_INFO = YES;
				ONLY_ACTIVE_ARCH = YES;
				SDKROOT = iphoneos;
				SWIFT_OPTIMIZATION_LEVEL = "-Onone";
				TARGETED_DEVICE_FAMILY = "1,2";
			};
			name = Debug;
		};
		3D30D2B41A2E8B000046F694 /* Release */ = {
			isa = XCBuildConfiguration;
			buildSettings = {
				ALWAYS_SEARCH_USER_PATHS = NO;
				CLANG_CXX_LANGUAGE_STANDARD = "gnu++0x";
				CLANG_CXX_LIBRARY = "libc++";
				CLANG_ENABLE_MODULES = YES;
				CLANG_ENABLE_OBJC_ARC = YES;
				CLANG_WARN_BOOL_CONVERSION = YES;
				CLANG_WARN_CONSTANT_CONVERSION = YES;
				CLANG_WARN_DIRECT_OBJC_ISA_USAGE = YES_ERROR;
				CLANG_WARN_EMPTY_BODY = YES;
				CLANG_WARN_ENUM_CONVERSION = YES;
				CLANG_WARN_INT_CONVERSION = YES;
				CLANG_WARN_OBJC_ROOT_CLASS = YES_ERROR;
				CLANG_WARN_UNREACHABLE_CODE = YES;
				CLANG_WARN__DUPLICATE_METHOD_MATCH = YES;
				"CODE_SIGN_IDENTITY[sdk=iphoneos*]" = "iPhone Developer";
				COPY_PHASE_STRIP = YES;
				ENABLE_NS_ASSERTIONS = NO;
				ENABLE_STRICT_OBJC_MSGSEND = YES;
				GCC_C_LANGUAGE_STANDARD = gnu99;
				GCC_WARN_64_TO_32_BIT_CONVERSION = YES;
				GCC_WARN_ABOUT_RETURN_TYPE = YES_ERROR;
				GCC_WARN_UNDECLARED_SELECTOR = YES;
				GCC_WARN_UNINITIALIZED_AUTOS = YES_AGGRESSIVE;
				GCC_WARN_UNUSED_FUNCTION = YES;
				GCC_WARN_UNUSED_VARIABLE = YES;
				IPHONEOS_DEPLOYMENT_TARGET = 8.0;
				MTL_ENABLE_DEBUG_INFO = NO;
				SDKROOT = iphoneos;
				TARGETED_DEVICE_FAMILY = "1,2";
				VALIDATE_PRODUCT = YES;
			};
			name = Release;
		};
		3D30D2B61A2E8B000046F694 /* Debug */ = {
			isa = XCBuildConfiguration;
			buildSettings = {
				CLANG_ENABLE_MODULES = YES;
				INFOPLIST_FILE = Banzai/Info.plist;
				LD_RUNPATH_SEARCH_PATHS = "$(inherited) @executable_path/Frameworks";
				LIBRARY_SEARCH_PATHS = (
					"$(inherited)",
					"$(PROJECT_DIR)",
				);
				OTHER_LDFLAGS = "-ObjC";
				PRODUCT_NAME = "$(TARGET_NAME)";
				SWIFT_OBJC_BRIDGING_HEADER = "Banzai-Bridging-Header.h";
				SWIFT_OPTIMIZATION_LEVEL = "-Onone";
				TARGETED_DEVICE_FAMILY = 1;
			};
			name = Debug;
		};
		3D30D2B71A2E8B000046F694 /* Release */ = {
			isa = XCBuildConfiguration;
			buildSettings = {
				CLANG_ENABLE_MODULES = YES;
				INFOPLIST_FILE = Banzai/Info.plist;
				LD_RUNPATH_SEARCH_PATHS = "$(inherited) @executable_path/Frameworks";
				LIBRARY_SEARCH_PATHS = (
					"$(inherited)",
					"$(PROJECT_DIR)",
				);
				OTHER_LDFLAGS = "-ObjC";
				PRODUCT_NAME = "$(TARGET_NAME)";
				SWIFT_OBJC_BRIDGING_HEADER = "Banzai-Bridging-Header.h";
				TARGETED_DEVICE_FAMILY = 1;
			};
			name = Release;
		};
		3D30D2B91A2E8B000046F694 /* Debug */ = {
			isa = XCBuildConfiguration;
			buildSettings = {
				BUNDLE_LOADER = "$(TEST_HOST)";
				FRAMEWORK_SEARCH_PATHS = (
					"$(SDKROOT)/Developer/Library/Frameworks",
					"$(inherited)",
				);
				GCC_PREPROCESSOR_DEFINITIONS = (
					"DEBUG=1",
					"$(inherited)",
				);
				INFOPLIST_FILE = BanzaiTests/Info.plist;
				IPHONEOS_DEPLOYMENT_TARGET = 8.0;
				LD_RUNPATH_SEARCH_PATHS = "$(inherited) @executable_path/Frameworks @loader_path/Frameworks";
				PRODUCT_NAME = "$(TARGET_NAME)";
				TEST_HOST = "$(BUILT_PRODUCTS_DIR)/Banzai.app/Banzai";
			};
			name = Debug;
		};
		3D30D2BA1A2E8B000046F694 /* Release */ = {
			isa = XCBuildConfiguration;
			buildSettings = {
				BUNDLE_LOADER = "$(TEST_HOST)";
				FRAMEWORK_SEARCH_PATHS = (
					"$(SDKROOT)/Developer/Library/Frameworks",
					"$(inherited)",
				);
				INFOPLIST_FILE = BanzaiTests/Info.plist;
				IPHONEOS_DEPLOYMENT_TARGET = 8.0;
				LD_RUNPATH_SEARCH_PATHS = "$(inherited) @executable_path/Frameworks @loader_path/Frameworks";
				PRODUCT_NAME = "$(TARGET_NAME)";
				TEST_HOST = "$(BUILT_PRODUCTS_DIR)/Banzai.app/Banzai";
			};
			name = Release;
		};
/* End XCBuildConfiguration section */

/* Begin XCConfigurationList section */
		3D30D2911A2E8B000046F694 /* Build configuration list for PBXProject "Banzai" */ = {
			isa = XCConfigurationList;
			buildConfigurations = (
				3D30D2B31A2E8B000046F694 /* Debug */,
				3D30D2B41A2E8B000046F694 /* Release */,
			);
			defaultConfigurationIsVisible = 0;
			defaultConfigurationName = Release;
		};
		3D30D2B51A2E8B000046F694 /* Build configuration list for PBXNativeTarget "Banzai" */ = {
			isa = XCConfigurationList;
			buildConfigurations = (
				3D30D2B61A2E8B000046F694 /* Debug */,
				3D30D2B71A2E8B000046F694 /* Release */,
			);
			defaultConfigurationIsVisible = 0;
			defaultConfigurationName = Release;
		};
		3D30D2B81A2E8B000046F694 /* Build configuration list for PBXNativeTarget "BanzaiTests" */ = {
			isa = XCConfigurationList;
			buildConfigurations = (
				3D30D2B91A2E8B000046F694 /* Debug */,
				3D30D2BA1A2E8B000046F694 /* Release */,
			);
			defaultConfigurationIsVisible = 0;
			defaultConfigurationName = Release;
		};
/* End XCConfigurationList section */
	};
	rootObject = 3D30D28E1A2E8B000046F694 /* Project object */;
}
